// !$*UTF8*$!
{
	archiveVersion = 1;
	classes = {
	};
	objectVersion = 51;
	objects = {

/* Begin PBXBuildFile section */
		000F25802456C98000655736 /* AppDelegate.swift in Sources */ = {isa = PBXBuildFile; fileRef = 000F257F2456C98000655736 /* AppDelegate.swift */; };
		000F25822456C98000655736 /* ContentView.swift in Sources */ = {isa = PBXBuildFile; fileRef = 000F25812456C98000655736 /* ContentView.swift */; };
		000F25842456C98400655736 /* Assets.xcassets in Resources */ = {isa = PBXBuildFile; fileRef = 000F25832456C98400655736 /* Assets.xcassets */; };
		000F25872456C98400655736 /* Preview Assets.xcassets in Resources */ = {isa = PBXBuildFile; fileRef = 000F25862456C98400655736 /* Preview Assets.xcassets */; };
		000F258A2456C98400655736 /* Main.storyboard in Resources */ = {isa = PBXBuildFile; fileRef = 000F25882456C98400655736 /* Main.storyboard */; };
		000F25992456D0A700655736 /* ben10.jpg in Resources */ = {isa = PBXBuildFile; fileRef = 000F25982456D0A600655736 /* ben10.jpg */; };
		9BE0F83659F67C412147D6E1 /* Pods_Pow.framework in Frameworks */ = {isa = PBXBuildFile; fileRef = 8B4D6809B1233377CF418683 /* Pods_Pow.framework */; };
/* End PBXBuildFile section */

/* Begin PBXFileReference section */
		000F257C2456C98000655736 /* Pow.app */ = {isa = PBXFileReference; explicitFileType = wrapper.application; includeInIndex = 0; path = Pow.app; sourceTree = BUILT_PRODUCTS_DIR; };
		000F257F2456C98000655736 /* AppDelegate.swift */ = {isa = PBXFileReference; lastKnownFileType = sourcecode.swift; path = AppDelegate.swift; sourceTree = "<group>"; };
		000F25812456C98000655736 /* ContentView.swift */ = {isa = PBXFileReference; lastKnownFileType = sourcecode.swift; path = ContentView.swift; sourceTree = "<group>"; };
		000F25832456C98400655736 /* Assets.xcassets */ = {isa = PBXFileReference; lastKnownFileType = folder.assetcatalog; path = Assets.xcassets; sourceTree = "<group>"; };
		000F25862456C98400655736 /* Preview Assets.xcassets */ = {isa = PBXFileReference; lastKnownFileType = folder.assetcatalog; path = "Preview Assets.xcassets"; sourceTree = "<group>"; };
		000F25892456C98400655736 /* Base */ = {isa = PBXFileReference; lastKnownFileType = file.storyboard; name = Base; path = Base.lproj/Main.storyboard; sourceTree = "<group>"; };
		000F258B2456C98400655736 /* Info.plist */ = {isa = PBXFileReference; lastKnownFileType = text.plist.xml; path = Info.plist; sourceTree = "<group>"; };
		000F258C2456C98400655736 /* Pow.entitlements */ = {isa = PBXFileReference; lastKnownFileType = text.plist.entitlements; path = Pow.entitlements; sourceTree = "<group>"; };
		000F25982456D0A600655736 /* ben10.jpg */ = {isa = PBXFileReference; lastKnownFileType = image.jpeg; path = ben10.jpg; sourceTree = "<group>"; };
		2FD6EC7235BB4B22894CE840 /* Pods-Pow.debug.xcconfig */ = {isa = PBXFileReference; includeInIndex = 1; lastKnownFileType = text.xcconfig; name = "Pods-Pow.debug.xcconfig"; path = "Target Support Files/Pods-Pow/Pods-Pow.debug.xcconfig"; sourceTree = "<group>"; };
		86BA4C35DD6E54E6B66C406E /* Pods-Pow.release.xcconfig */ = {isa = PBXFileReference; includeInIndex = 1; lastKnownFileType = text.xcconfig; name = "Pods-Pow.release.xcconfig"; path = "Target Support Files/Pods-Pow/Pods-Pow.release.xcconfig"; sourceTree = "<group>"; };
		8B4D6809B1233377CF418683 /* Pods_Pow.framework */ = {isa = PBXFileReference; explicitFileType = wrapper.framework; includeInIndex = 0; path = Pods_Pow.framework; sourceTree = BUILT_PRODUCTS_DIR; };
/* End PBXFileReference section */

/* Begin PBXFrameworksBuildPhase section */
		000F25792456C98000655736 /* Frameworks */ = {
			isa = PBXFrameworksBuildPhase;
			buildActionMask = 2147483647;
			files = (
				9BE0F83659F67C412147D6E1 /* Pods_Pow.framework in Frameworks */,
			);
			runOnlyForDeploymentPostprocessing = 0;
		};
/* End PBXFrameworksBuildPhase section */

/* Begin PBXGroup section */
		000F25732456C98000655736 = {
			isa = PBXGroup;
			children = (
				000F257E2456C98000655736 /* Pow */,
				000F257D2456C98000655736 /* Products */,
				D39DEF0E4231AA8829DFB944 /* Pods */,
				3BE5AC3709F0161922432574 /* Frameworks */,
			);
			sourceTree = "<group>";
		};
		000F257D2456C98000655736 /* Products */ = {
			isa = PBXGroup;
			children = (
				000F257C2456C98000655736 /* Pow.app */,
			);
			name = Products;
			sourceTree = "<group>";
		};
		000F257E2456C98000655736 /* Pow */ = {
			isa = PBXGroup;
			children = (
				000F257F2456C98000655736 /* AppDelegate.swift */,
				000F25982456D0A600655736 /* ben10.jpg */,
				000F25812456C98000655736 /* ContentView.swift */,
				000F25832456C98400655736 /* Assets.xcassets */,
				000F25882456C98400655736 /* Main.storyboard */,
				000F258B2456C98400655736 /* Info.plist */,
				000F258C2456C98400655736 /* Pow.entitlements */,
				000F25852456C98400655736 /* Preview Content */,
			);
			path = Pow;
			sourceTree = "<group>";
		};
		000F25852456C98400655736 /* Preview Content */ = {
			isa = PBXGroup;
			children = (
				000F25862456C98400655736 /* Preview Assets.xcassets */,
			);
			path = "Preview Content";
			sourceTree = "<group>";
		};
		3BE5AC3709F0161922432574 /* Frameworks */ = {
			isa = PBXGroup;
			children = (
				8B4D6809B1233377CF418683 /* Pods_Pow.framework */,
			);
			name = Frameworks;
			sourceTree = "<group>";
		};
		D39DEF0E4231AA8829DFB944 /* Pods */ = {
			isa = PBXGroup;
			children = (
				2FD6EC7235BB4B22894CE840 /* Pods-Pow.debug.xcconfig */,
				86BA4C35DD6E54E6B66C406E /* Pods-Pow.release.xcconfig */,
			);
			path = Pods;
			sourceTree = "<group>";
		};
/* End PBXGroup section */

/* Begin PBXNativeTarget section */
		000F257B2456C98000655736 /* Pow */ = {
			isa = PBXNativeTarget;
			buildConfigurationList = 000F258F2456C98400655736 /* Build configuration list for PBXNativeTarget "Pow" */;
			buildPhases = (
				4F495CF7542B4F988CB6C686 /* [CP] Check Pods Manifest.lock */,
				000F25782456C98000655736 /* Sources */,
				000F25792456C98000655736 /* Frameworks */,
				000F257A2456C98000655736 /* Resources */,
				076E30AFF6CCA7A56B5A0D12 /* [CP] Embed Pods Frameworks */,
			);
			buildRules = (
			);
			dependencies = (
			);
			name = Pow;
			productName = Pow;
			productReference = 000F257C2456C98000655736 /* Pow.app */;
			productType = "com.apple.product-type.application";
		};
/* End PBXNativeTarget section */

/* Begin PBXProject section */
		000F25742456C98000655736 /* Project object */ = {
			isa = PBXProject;
			attributes = {
				LastSwiftUpdateCheck = 1140;
				LastUpgradeCheck = 1140;
				ORGANIZATIONNAME = "Viranchee L";
				TargetAttributes = {
					000F257B2456C98000655736 = {
						CreatedOnToolsVersion = 11.4;
					};
				};
			};
			buildConfigurationList = 000F25772456C98000655736 /* Build configuration list for PBXProject "Pow" */;
			compatibilityVersion = "Xcode 9.3";
			developmentRegion = en;
			hasScannedForEncodings = 0;
			knownRegions = (
				en,
				Base,
			);
			mainGroup = 000F25732456C98000655736;
			productRefGroup = 000F257D2456C98000655736 /* Products */;
			projectDirPath = "";
			projectRoot = "";
			targets = (
				000F257B2456C98000655736 /* Pow */,
			);
		};
/* End PBXProject section */

/* Begin PBXResourcesBuildPhase section */
		000F257A2456C98000655736 /* Resources */ = {
			isa = PBXResourcesBuildPhase;
			buildActionMask = 2147483647;
			files = (
				000F258A2456C98400655736 /* Main.storyboard in Resources */,
				000F25872456C98400655736 /* Preview Assets.xcassets in Resources */,
				000F25842456C98400655736 /* Assets.xcassets in Resources */,
				000F25992456D0A700655736 /* ben10.jpg in Resources */,
			);
			runOnlyForDeploymentPostprocessing = 0;
		};
/* End PBXResourcesBuildPhase section */

/* Begin PBXShellScriptBuildPhase section */
		076E30AFF6CCA7A56B5A0D12 /* [CP] Embed Pods Frameworks */ = {
			isa = PBXShellScriptBuildPhase;
			buildActionMask = 2147483647;
			files = (
			);
			inputFileListPaths = (
				"${PODS_ROOT}/Target Support Files/Pods-Pow/Pods-Pow-frameworks-${CONFIGURATION}-input-files.xcfilelist",
			);
			name = "[CP] Embed Pods Frameworks";
			outputFileListPaths = (
				"${PODS_ROOT}/Target Support Files/Pods-Pow/Pods-Pow-frameworks-${CONFIGURATION}-output-files.xcfilelist",
			);
			runOnlyForDeploymentPostprocessing = 0;
			shellPath = /bin/sh;
			shellScript = "\"${PODS_ROOT}/Target Support Files/Pods-Pow/Pods-Pow-frameworks.sh\"\n";
			showEnvVarsInLog = 0;
		};
		4F495CF7542B4F988CB6C686 /* [CP] Check Pods Manifest.lock */ = {
			isa = PBXShellScriptBuildPhase;
			buildActionMask = 2147483647;
			files = (
			);
			inputFileListPaths = (
			);
			inputPaths = (
				"${PODS_PODFILE_DIR_PATH}/Podfile.lock",
				"${PODS_ROOT}/Manifest.lock",
			);
			name = "[CP] Check Pods Manifest.lock";
			outputFileListPaths = (
			);
			outputPaths = (
				"$(DERIVED_FILE_DIR)/Pods-Pow-checkManifestLockResult.txt",
			);
			runOnlyForDeploymentPostprocessing = 0;
			shellPath = /bin/sh;
			shellScript = "diff \"${PODS_PODFILE_DIR_PATH}/Podfile.lock\" \"${PODS_ROOT}/Manifest.lock\" > /dev/null\nif [ $? != 0 ] ; then\n    # print error to STDERR\n    echo \"error: The sandbox is not in sync with the Podfile.lock. Run 'pod install' or update your CocoaPods installation.\" >&2\n    exit 1\nfi\n# This output is used by Xcode 'outputs' to avoid re-running this script phase.\necho \"SUCCESS\" > \"${SCRIPT_OUTPUT_FILE_0}\"\n";
			showEnvVarsInLog = 0;
		};
/* End PBXShellScriptBuildPhase section */

/* Begin PBXSourcesBuildPhase section */
		000F25782456C98000655736 /* Sources */ = {
			isa = PBXSourcesBuildPhase;
			buildActionMask = 2147483647;
			files = (
				000F25822456C98000655736 /* ContentView.swift in Sources */,
				000F25802456C98000655736 /* AppDelegate.swift in Sources */,
			);
			runOnlyForDeploymentPostprocessing = 0;
		};
/* End PBXSourcesBuildPhase section */

/* Begin PBXVariantGroup section */
		000F25882456C98400655736 /* Main.storyboard */ = {
			isa = PBXVariantGroup;
			children = (
				000F25892456C98400655736 /* Base */,
			);
			name = Main.storyboard;
			sourceTree = "<group>";
		};
/* End PBXVariantGroup section */

/* Begin XCBuildConfiguration section */
		000F258D2456C98400655736 /* Debug */ = {
			isa = XCBuildConfiguration;
			buildSettings = {
				ALWAYS_SEARCH_USER_PATHS = NO;
				CLANG_ANALYZER_NONNULL = YES;
				CLANG_ANALYZER_NUMBER_OBJECT_CONVERSION = YES_AGGRESSIVE;
				CLANG_CXX_LANGUAGE_STANDARD = "gnu++14";
				CLANG_CXX_LIBRARY = "libc++";
				CLANG_ENABLE_MODULES = YES;
				CLANG_ENABLE_OBJC_ARC = YES;
				CLANG_ENABLE_OBJC_WEAK = YES;
				CLANG_WARN_BLOCK_CAPTURE_AUTORELEASING = YES;
				CLANG_WARN_BOOL_CONVERSION = YES;
				CLANG_WARN_COMMA = YES;
				CLANG_WARN_CONSTANT_CONVERSION = YES;
				CLANG_WARN_DEPRECATED_OBJC_IMPLEMENTATIONS = YES;
				CLANG_WARN_DIRECT_OBJC_ISA_USAGE = YES_ERROR;
				CLANG_WARN_DOCUMENTATION_COMMENTS = YES;
				CLANG_WARN_EMPTY_BODY = YES;
				CLANG_WARN_ENUM_CONVERSION = YES;
				CLANG_WARN_INFINITE_RECURSION = YES;
				CLANG_WARN_INT_CONVERSION = YES;
				CLANG_WARN_NON_LITERAL_NULL_CONVERSION = YES;
				CLANG_WARN_OBJC_IMPLICIT_RETAIN_SELF = YES;
				CLANG_WARN_OBJC_LITERAL_CONVERSION = YES;
				CLANG_WARN_OBJC_ROOT_CLASS = YES_ERROR;
				CLANG_WARN_RANGE_LOOP_ANALYSIS = YES;
				CLANG_WARN_STRICT_PROTOTYPES = YES;
				CLANG_WARN_SUSPICIOUS_MOVE = YES;
				CLANG_WARN_UNGUARDED_AVAILABILITY = YES_AGGRESSIVE;
				CLANG_WARN_UNREACHABLE_CODE = YES;
				CLANG_WARN__DUPLICATE_METHOD_MATCH = YES;
				COPY_PHASE_STRIP = NO;
				DEBUG_INFORMATION_FORMAT = dwarf;
				ENABLE_STRICT_OBJC_MSGSEND = YES;
				ENABLE_TESTABILITY = YES;
				GCC_C_LANGUAGE_STANDARD = gnu11;
				GCC_DYNAMIC_NO_PIC = NO;
				GCC_NO_COMMON_BLOCKS = YES;
				GCC_OPTIMIZATION_LEVEL = 0;
				GCC_PREPROCESSOR_DEFINITIONS = (
					"DEBUG=1",
					"$(inherited)",
				);
				GCC_WARN_64_TO_32_BIT_CONVERSION = YES;
				GCC_WARN_ABOUT_RETURN_TYPE = YES_ERROR;
				GCC_WARN_UNDECLARED_SELECTOR = YES;
				GCC_WARN_UNINITIALIZED_AUTOS = YES_AGGRESSIVE;
				GCC_WARN_UNUSED_FUNCTION = YES;
				GCC_WARN_UNUSED_VARIABLE = YES;
				MACOSX_DEPLOYMENT_TARGET = 10.15;
				MTL_ENABLE_DEBUG_INFO = INCLUDE_SOURCE;
				MTL_FAST_MATH = YES;
				ONLY_ACTIVE_ARCH = YES;
				SDKROOT = macosx;
				SWIFT_ACTIVE_COMPILATION_CONDITIONS = DEBUG;
				SWIFT_OPTIMIZATION_LEVEL = "-Onone";
			};
			name = Debug;
		};
		000F258E2456C98400655736 /* Release */ = {
			isa = XCBuildConfiguration;
			buildSettings = {
				ALWAYS_SEARCH_USER_PATHS = NO;
				CLANG_ANALYZER_NONNULL = YES;
				CLANG_ANALYZER_NUMBER_OBJECT_CONVERSION = YES_AGGRESSIVE;
				CLANG_CXX_LANGUAGE_STANDARD = "gnu++14";
				CLANG_CXX_LIBRARY = "libc++";
				CLANG_ENABLE_MODULES = YES;
				CLANG_ENABLE_OBJC_ARC = YES;
				CLANG_ENABLE_OBJC_WEAK = YES;
				CLANG_WARN_BLOCK_CAPTURE_AUTORELEASING = YES;
				CLANG_WARN_BOOL_CONVERSION = YES;
				CLANG_WARN_COMMA = YES;
				CLANG_WARN_CONSTANT_CONVERSION = YES;
				CLANG_WARN_DEPRECATED_OBJC_IMPLEMENTATIONS = YES;
				CLANG_WARN_DIRECT_OBJC_ISA_USAGE = YES_ERROR;
				CLANG_WARN_DOCUMENTATION_COMMENTS = YES;
				CLANG_WARN_EMPTY_BODY = YES;
				CLANG_WARN_ENUM_CONVERSION = YES;
				CLANG_WARN_INFINITE_RECURSION = YES;
				CLANG_WARN_INT_CONVERSION = YES;
				CLANG_WARN_NON_LITERAL_NULL_CONVERSION = YES;
				CLANG_WARN_OBJC_IMPLICIT_RETAIN_SELF = YES;
				CLANG_WARN_OBJC_LITERAL_CONVERSION = YES;
				CLANG_WARN_OBJC_ROOT_CLASS = YES_ERROR;
				CLANG_WARN_RANGE_LOOP_ANALYSIS = YES;
				CLANG_WARN_STRICT_PROTOTYPES = YES;
				CLANG_WARN_SUSPICIOUS_MOVE = YES;
				CLANG_WARN_UNGUARDED_AVAILABILITY = YES_AGGRESSIVE;
				CLANG_WARN_UNREACHABLE_CODE = YES;
				CLANG_WARN__DUPLICATE_METHOD_MATCH = YES;
				COPY_PHASE_STRIP = NO;
				DEBUG_INFORMATION_FORMAT = "dwarf-with-dsym";
				ENABLE_NS_ASSERTIONS = NO;
				ENABLE_STRICT_OBJC_MSGSEND = YES;
				GCC_C_LANGUAGE_STANDARD = gnu11;
				GCC_NO_COMMON_BLOCKS = YES;
				GCC_WARN_64_TO_32_BIT_CONVERSION = YES;
				GCC_WARN_ABOUT_RETURN_TYPE = YES_ERROR;
				GCC_WARN_UNDECLARED_SELECTOR = YES;
				GCC_WARN_UNINITIALIZED_AUTOS = YES_AGGRESSIVE;
				GCC_WARN_UNUSED_FUNCTION = YES;
				GCC_WARN_UNUSED_VARIABLE = YES;
				MACOSX_DEPLOYMENT_TARGET = 10.15;
				MTL_ENABLE_DEBUG_INFO = NO;
				MTL_FAST_MATH = YES;
				SDKROOT = macosx;
				SWIFT_COMPILATION_MODE = wholemodule;
				SWIFT_OPTIMIZATION_LEVEL = "-O";
			};
			name = Release;
		};
		000F25902456C98400655736 /* Debug */ = {
			isa = XCBuildConfiguration;
			baseConfigurationReference = 2FD6EC7235BB4B22894CE840 /* Pods-Pow.debug.xcconfig */;
			buildSettings = {
				ASSETCATALOG_COMPILER_APPICON_NAME = AppIcon;
				CODE_SIGN_ENTITLEMENTS = Pow/Pow.entitlements;
				CODE_SIGN_STYLE = Automatic;
				COMBINE_HIDPI_IMAGES = YES;
				DEVELOPMENT_ASSET_PATHS = "\"Pow/Preview Content\"";
				DEVELOPMENT_TEAM = CR8BH9MJ89;
				ENABLE_HARDENED_RUNTIME = YES;
				ENABLE_PREVIEWS = YES;
				INFOPLIST_FILE = Pow/Info.plist;
				LD_RUNPATH_SEARCH_PATHS = (
					"$(inherited)",
					"@executable_path/../Frameworks",
				);
				MACOSX_DEPLOYMENT_TARGET = 10.15;
				PRODUCT_BUNDLE_IDENTIFIER = com.viranchee.Pow;
				PRODUCT_NAME = "$(TARGET_NAME)";
				SWIFT_VERSION = 5.0;
			};
			name = Debug;
		};
		000F25912456C98400655736 /* Release */ = {
			isa = XCBuildConfiguration;
			baseConfigurationReference = 86BA4C35DD6E54E6B66C406E /* Pods-Pow.release.xcconfig */;
			buildSettings = {
				ASSETCATALOG_COMPILER_APPICON_NAME = AppIcon;
				CODE_SIGN_ENTITLEMENTS = Pow/Pow.entitlements;
				CODE_SIGN_STYLE = Automatic;
				COMBINE_HIDPI_IMAGES = YES;
				DEVELOPMENT_ASSET_PATHS = "\"Pow/Preview Content\"";
				DEVELOPMENT_TEAM = CR8BH9MJ89;
				ENABLE_HARDENED_RUNTIME = YES;
				ENABLE_PREVIEWS = YES;
				INFOPLIST_FILE = Pow/Info.plist;
				LD_RUNPATH_SEARCH_PATHS = (
					"$(inherited)",
					"@executable_path/../Frameworks",
				);
				MACOSX_DEPLOYMENT_TARGET = 10.15;
				PRODUCT_BUNDLE_IDENTIFIER = com.viranchee.Pow;
				PRODUCT_NAME = "$(TARGET_NAME)";
				SWIFT_VERSION = 5.0;
			};
			name = Release;
		};
/* End XCBuildConfiguration section */

/* Begin XCConfigurationList section */
		000F25772456C98000655736 /* Build configuration list for PBXProject "Pow" */ = {
			isa = XCConfigurationList;
			buildConfigurations = (
				000F258D2456C98400655736 /* Debug */,
				000F258E2456C98400655736 /* Release */,
			);
			defaultConfigurationIsVisible = 0;
			defaultConfigurationName = Release;
		};
		000F258F2456C98400655736 /* Build configuration list for PBXNativeTarget "Pow" */ = {
			isa = XCConfigurationList;
			buildConfigurations = (
				000F25902456C98400655736 /* Debug */,
				000F25912456C98400655736 /* Release */,
			);
			defaultConfigurationIsVisible = 0;
			defaultConfigurationName = Release;
		};
/* End XCConfigurationList section */
	};
	rootObject = 000F25742456C98000655736 /* Project object */;
}
